
Microsoft Visual Studio Solution File, Format Version 12.00
# Visual Studio Version 17
VisualStudioVersion = 17.0.32014.148
MinimumVisualStudioVersion = 10.0.40219.1
Project("{FAE04EC0-301F-11D3-BF4B-00C04F79EFBC}") = "TroubleshootingCarIssues", "TroubleshootingCarIssues\TroubleshootingCarIssues.csproj", "{A78E14C6-B4E7-4431-B8AA-BFBAB7E728A7}"
EndProject
Project("{FAE04EC0-301F-11D3-BF4B-00C04F79EFBC}") = "TroubleshootingCarIssues.Tests", "TroubleshootingCarIssues.Tests\TroubleshootingCarIssues.Tests.csproj", "{C50E21EE-AEC8-48A0-AE29-08524025AF49}"
EndProject
Global
	GlobalSection(SolutionConfigurationPlatforms) = preSolution
		Debug|Any CPU = Debug|Any CPU
		Release|Any CPU = Release|Any CPU
	EndGlobalSection
	GlobalSection(ProjectConfigurationPlatforms) = postSolution
		{A78E14C6-B4E7-4431-B8AA-BFBAB7E728A7}.Debug|Any CPU.ActiveCfg = Debug|Any CPU
		{A78E14C6-B4E7-4431-B8AA-BFBAB7E728A7}.Debug|Any CPU.Build.0 = Debug|Any CPU
		{A78E14C6-B4E7-4431-B8AA-BFBAB7E728A7}.Release|Any CPU.ActiveCfg = Release|Any CPU
		{A78E14C6-B4E7-4431-B8AA-BFBAB7E728A7}.Release|Any CPU.Build.0 = Release|Any CPU
		{C50E21EE-AEC8-48A0-AE29-08524025AF49}.Debug|Any CPU.ActiveCfg = Debug|Any CPU
		{C50E21EE-AEC8-48A0-AE29-08524025AF49}.Debug|Any CPU.Build.0 = Debug|Any CPU
		{C50E21EE-AEC8-48A0-AE29-08524025AF49}.Release|Any CPU.ActiveCfg = Release|Any CPU
		{C50E21EE-AEC8-48A0-AE29-08524025AF49}.Release|Any CPU.Build.0 = Release|Any CPU
	EndGlobalSection
	GlobalSection(SolutionProperties) = preSolution
		HideSolutionNode = FALSE
	EndGlobalSection
	GlobalSection(ExtensibilityGlobals) = postSolution
		SolutionGuid = {44C539D3-1342-4D8D-95B7-4CEA2A22F66D}
	EndGlobalSection
EndGlobal
