
Microsoft Visual Studio Solution File, Format Version 12.00
# Visual Studio Version 16
VisualStudioVersion = 16.0.30114.105
MinimumVisualStudioVersion = 10.0.40219.1
Project("{FAE04EC0-301F-11D3-BF4B-00C04F79EFBC}") = "CurrencyConverter", "CurrencyConverter\CurrencyConverter.csproj", "{456453A4-063D-45BF-8C53-68CD8A3E24BD}"
EndProject
Project("{FAE04EC0-301F-11D3-BF4B-00C04F79EFBC}") = "CurrencyConverter.Tests", "CurrencyConverter.Tests\CurrencyConverter.Tests.csproj", "{BAFDD8B2-673B-498B-95B6-71A9C832FB88}"
EndProject
Global
	GlobalSection(SolutionConfigurationPlatforms) = preSolution
		Debug|Any CPU = Debug|Any CPU
		Release|Any CPU = Release|Any CPU
	EndGlobalSection
	GlobalSection(SolutionProperties) = preSolution
		HideSolutionNode = FALSE
	EndGlobalSection
	GlobalSection(ProjectConfigurationPlatforms) = postSolution
		{456453A4-063D-45BF-8C53-68CD8A3E24BD}.Debug|Any CPU.ActiveCfg = Debug|Any CPU
		{456453A4-063D-45BF-8C53-68CD8A3E24BD}.Debug|Any CPU.Build.0 = Debug|Any CPU
		{456453A4-063D-45BF-8C53-68CD8A3E24BD}.Release|Any CPU.ActiveCfg = Release|Any CPU
		{456453A4-063D-45BF-8C53-68CD8A3E24BD}.Release|Any CPU.Build.0 = Release|Any CPU
		{BAFDD8B2-673B-498B-95B6-71A9C832FB88}.Debug|Any CPU.ActiveCfg = Debug|Any CPU
		{BAFDD8B2-673B-498B-95B6-71A9C832FB88}.Debug|Any CPU.Build.0 = Debug|Any CPU
		{BAFDD8B2-673B-498B-95B6-71A9C832FB88}.Release|Any CPU.ActiveCfg = Release|Any CPU
		{BAFDD8B2-673B-498B-95B6-71A9C832FB88}.Release|Any CPU.Build.0 = Release|Any CPU
	EndGlobalSection
EndGlobal
