
Microsoft Visual Studio Solution File, Format Version 12.00
# Visual Studio Version 17
VisualStudioVersion = 17.0.32014.148
MinimumVisualStudioVersion = 10.0.40219.1
Project("{9A19103F-16F7-4668-BE54-9A1E7A4F7556}") = "CurrencyConversion", "CurrencyConversion\CurrencyConversion.csproj", "{5D88EC87-C926-417C-AEA5-067713086467}"
EndProject
Project("{9A19103F-16F7-4668-BE54-9A1E7A4F7556}") = "CurrencyConverter", "CurrencyConverter\CurrencyConverter.csproj", "{284DA528-0C43-48CA-BDB1-6726BC43BE18}"
EndProject
Project("{9A19103F-16F7-4668-BE54-9A1E7A4F7556}") = "CurrencyConverter.Tests", "CurrencyConverter.Tests\CurrencyConverter.Tests.csproj", "{B0779FE6-3775-46FE-890A-5233E9A5160B}"
EndProject
Project("{2150E333-8FDC-42A3-9474-1A3956D46DE8}") = "Solution Items", "Solution Items", "{A6C28EAC-C181-40FE-88D9-8B8134F174F1}"
	ProjectSection(SolutionItems) = preProject
		LatestAsOf2-8-2022.json = LatestAsOf2-8-2022.json
	EndProjectSection
EndProject
Global
	GlobalSection(SolutionConfigurationPlatforms) = preSolution
		Debug|Any CPU = Debug|Any CPU
		Release|Any CPU = Release|Any CPU
	EndGlobalSection
	GlobalSection(ProjectConfigurationPlatforms) = postSolution
		{5D88EC87-C926-417C-AEA5-067713086467}.Debug|Any CPU.ActiveCfg = Debug|Any CPU
		{5D88EC87-C926-417C-AEA5-067713086467}.Debug|Any CPU.Build.0 = Debug|Any CPU
		{5D88EC87-C926-417C-AEA5-067713086467}.Release|Any CPU.ActiveCfg = Release|Any CPU
		{5D88EC87-C926-417C-AEA5-067713086467}.Release|Any CPU.Build.0 = Release|Any CPU
		{284DA528-0C43-48CA-BDB1-6726BC43BE18}.Debug|Any CPU.ActiveCfg = Debug|Any CPU
		{284DA528-0C43-48CA-BDB1-6726BC43BE18}.Debug|Any CPU.Build.0 = Debug|Any CPU
		{284DA528-0C43-48CA-BDB1-6726BC43BE18}.Release|Any CPU.ActiveCfg = Release|Any CPU
		{284DA528-0C43-48CA-BDB1-6726BC43BE18}.Release|Any CPU.Build.0 = Release|Any CPU
		{B0779FE6-3775-46FE-890A-5233E9A5160B}.Debug|Any CPU.ActiveCfg = Debug|Any CPU
		{B0779FE6-3775-46FE-890A-5233E9A5160B}.Debug|Any CPU.Build.0 = Debug|Any CPU
		{B0779FE6-3775-46FE-890A-5233E9A5160B}.Release|Any CPU.ActiveCfg = Release|Any CPU
		{B0779FE6-3775-46FE-890A-5233E9A5160B}.Release|Any CPU.Build.0 = Release|Any CPU
	EndGlobalSection
	GlobalSection(SolutionProperties) = preSolution
		HideSolutionNode = FALSE
	EndGlobalSection
	GlobalSection(ExtensibilityGlobals) = postSolution
		SolutionGuid = {B61C2E01-D031-427C-9FB5-6418A0741081}
	EndGlobalSection
EndGlobal
