
Microsoft Visual Studio Solution File, Format Version 12.00
# Visual Studio Version 16
VisualStudioVersion = 16.0.30114.105
MinimumVisualStudioVersion = 10.0.40219.1
Project("{FAE04EC0-301F-11D3-BF4B-00C04F79EFBC}") = "DeterminingCompoundInterest", "DeterminingCompoundInterest\DeterminingCompoundInterest.csproj", "{1F1000CC-6FBC-4DD0-8F67-D0974E3D45C8}"
EndProject
Project("{FAE04EC0-301F-11D3-BF4B-00C04F79EFBC}") = "InterestCalculator", "InterestCalculator\InterestCalculator.csproj", "{F16EACE4-B215-4855-91AC-FBA497108F63}"
EndProject
Project("{FAE04EC0-301F-11D3-BF4B-00C04F79EFBC}") = "InterestCalculator.Tests", "InterestCalculator.Tests\InterestCalculator.Tests.csproj", "{A5103EF0-7E85-46F7-8A01-C0200F15986F}"
EndProject
Global
	GlobalSection(SolutionConfigurationPlatforms) = preSolution
		Debug|Any CPU = Debug|Any CPU
		Release|Any CPU = Release|Any CPU
	EndGlobalSection
	GlobalSection(SolutionProperties) = preSolution
		HideSolutionNode = FALSE
	EndGlobalSection
	GlobalSection(ProjectConfigurationPlatforms) = postSolution
		{1F1000CC-6FBC-4DD0-8F67-D0974E3D45C8}.Debug|Any CPU.ActiveCfg = Debug|Any CPU
		{1F1000CC-6FBC-4DD0-8F67-D0974E3D45C8}.Debug|Any CPU.Build.0 = Debug|Any CPU
		{1F1000CC-6FBC-4DD0-8F67-D0974E3D45C8}.Release|Any CPU.ActiveCfg = Release|Any CPU
		{1F1000CC-6FBC-4DD0-8F67-D0974E3D45C8}.Release|Any CPU.Build.0 = Release|Any CPU
		{F16EACE4-B215-4855-91AC-FBA497108F63}.Debug|Any CPU.ActiveCfg = Debug|Any CPU
		{F16EACE4-B215-4855-91AC-FBA497108F63}.Debug|Any CPU.Build.0 = Debug|Any CPU
		{F16EACE4-B215-4855-91AC-FBA497108F63}.Release|Any CPU.ActiveCfg = Release|Any CPU
		{F16EACE4-B215-4855-91AC-FBA497108F63}.Release|Any CPU.Build.0 = Release|Any CPU
		{A5103EF0-7E85-46F7-8A01-C0200F15986F}.Debug|Any CPU.ActiveCfg = Debug|Any CPU
		{A5103EF0-7E85-46F7-8A01-C0200F15986F}.Debug|Any CPU.Build.0 = Debug|Any CPU
		{A5103EF0-7E85-46F7-8A01-C0200F15986F}.Release|Any CPU.ActiveCfg = Release|Any CPU
		{A5103EF0-7E85-46F7-8A01-C0200F15986F}.Release|Any CPU.Build.0 = Release|Any CPU
	EndGlobalSection
EndGlobal
